// !$*UTF8*$!
{
	archiveVersion = 1;
	classes = {
	};
	objectVersion = 50;
	objects = {

/* Begin PBXBuildFile section */
		60001BFC251534600052AC45 /* HeaderViewWrapper.swift in Sources */ = {isa = PBXBuildFile; fileRef = 60001BFB251534600052AC45 /* HeaderViewWrapper.swift */; };
		60001BFE2515354F0052AC45 /* HeaderViewWrapperViewModel.swift in Sources */ = {isa = PBXBuildFile; fileRef = 60001BFD2515354F0052AC45 /* HeaderViewWrapperViewModel.swift */; };
		60001C002515356C0052AC45 /* HeaderViewWrapperViewModelType.swift in Sources */ = {isa = PBXBuildFile; fileRef = 60001BFF2515356C0052AC45 /* HeaderViewWrapperViewModelType.swift */; };
		6011E78F25166D6700168C7A /* ShadowView.swift in Sources */ = {isa = PBXBuildFile; fileRef = 6011E78E25166D6700168C7A /* ShadowView.swift */; };
		601DD1FA2502CC8400FDF5B9 /* MyDate.swift in Sources */ = {isa = PBXBuildFile; fileRef = 601DD1F92502CC8400FDF5B9 /* MyDate.swift */; };
		6022D47A25163B86008765C1 /* niceCell.swift in Sources */ = {isa = PBXBuildFile; fileRef = 6022D47925163B86008765C1 /* niceCell.swift */; };
		60ADF68A24FA838800667B74 /* AppDelegate.swift in Sources */ = {isa = PBXBuildFile; fileRef = 60ADF68924FA838800667B74 /* AppDelegate.swift */; };
		60ADF68E24FA838800667B74 /* ViewController.swift in Sources */ = {isa = PBXBuildFile; fileRef = 60ADF68D24FA838800667B74 /* ViewController.swift */; };
		60ADF69124FA838800667B74 /* Main.storyboard in Resources */ = {isa = PBXBuildFile; fileRef = 60ADF68F24FA838800667B74 /* Main.storyboard */; };
		60ADF69324FA838C00667B74 /* Assets.xcassets in Resources */ = {isa = PBXBuildFile; fileRef = 60ADF69224FA838C00667B74 /* Assets.xcassets */; };
		60ADF69624FA838C00667B74 /* LaunchScreen.storyboard in Resources */ = {isa = PBXBuildFile; fileRef = 60ADF69424FA838C00667B74 /* LaunchScreen.storyboard */; };
		60BD452424FAAD7700A432E8 /* NetwrokDataFetcher.swift in Sources */ = {isa = PBXBuildFile; fileRef = 60BD452324FAAD7700A432E8 /* NetwrokDataFetcher.swift */; };
		60CEFB8224FAC617006A66F4 /* Models.swift in Sources */ = {isa = PBXBuildFile; fileRef = 60CEFB8124FAC617006A66F4 /* Models.swift */; };
		60CEFB8F24FAFD57006A66F4 /* NetworkService.swift in Sources */ = {isa = PBXBuildFile; fileRef = 60CEFB8E24FAFD57006A66F4 /* NetworkService.swift */; };
		60CEFB9124FBE529006A66F4 /* ViewControllerViewModel.swift in Sources */ = {isa = PBXBuildFile; fileRef = 60CEFB9024FBE529006A66F4 /* ViewControllerViewModel.swift */; };
		60CEFB9324FBE53B006A66F4 /* ViewControllerViewModelType.swift in Sources */ = {isa = PBXBuildFile; fileRef = 60CEFB9224FBE53B006A66F4 /* ViewControllerViewModelType.swift */; };
		60CEFB9524FC10CD006A66F4 /* TableViewCellViewModelType.swift in Sources */ = {isa = PBXBuildFile; fileRef = 60CEFB9424FC10CD006A66F4 /* TableViewCellViewModelType.swift */; };
		60CEFB9724FC10FB006A66F4 /* DateViewModelType.swift in Sources */ = {isa = PBXBuildFile; fileRef = 60CEFB9624FC10FB006A66F4 /* DateViewModelType.swift */; };
		60CEFB9924FC4F85006A66F4 /* TableViewCell.swift in Sources */ = {isa = PBXBuildFile; fileRef = 60CEFB9824FC4F85006A66F4 /* TableViewCell.swift */; };
		60CEFB9B24FC4FFC006A66F4 /* DateCell.swift in Sources */ = {isa = PBXBuildFile; fileRef = 60CEFB9A24FC4FFC006A66F4 /* DateCell.swift */; };
		60CEFB9D24FD71B1006A66F4 /* TableViewCellViewModel.swift in Sources */ = {isa = PBXBuildFile; fileRef = 60CEFB9C24FD71B1006A66F4 /* TableViewCellViewModel.swift */; };
		60CEFB9F2501552F006A66F4 /* CollectionViewCellViewModel.swift in Sources */ = {isa = PBXBuildFile; fileRef = 60CEFB9E2501552F006A66F4 /* CollectionViewCellViewModel.swift */; };
		60E5E5DB250D5B1700F5CDAD /* CoreDataStack.swift in Sources */ = {isa = PBXBuildFile; fileRef = 60E5E5DA250D5B1700F5CDAD /* CoreDataStack.swift */; };
		60E5E5DD250D5EB700F5CDAD /* GroupsViewController.swift in Sources */ = {isa = PBXBuildFile; fileRef = 60E5E5DC250D5EB700F5CDAD /* GroupsViewController.swift */; };
		60E5E5DF250D615600F5CDAD /* GroupsViewControllerViewModelType.swift in Sources */ = {isa = PBXBuildFile; fileRef = 60E5E5DE250D615600F5CDAD /* GroupsViewControllerViewModelType.swift */; };
		60E5E5E1250D61A900F5CDAD /* GroupsViewControllerViewModel.swift in Sources */ = {isa = PBXBuildFile; fileRef = 60E5E5E0250D61A900F5CDAD /* GroupsViewControllerViewModel.swift */; };
		60E5E5E3250D626C00F5CDAD /* AddingGroupTableViewController.swift in Sources */ = {isa = PBXBuildFile; fileRef = 60E5E5E2250D626C00F5CDAD /* AddingGroupTableViewController.swift */; };
		60E5E5E5250D629F00F5CDAD /* AddingGroupTableViewControllerViewModel.swift in Sources */ = {isa = PBXBuildFile; fileRef = 60E5E5E4250D629F00F5CDAD /* AddingGroupTableViewControllerViewModel.swift */; };
		60E5E5E7250D62B300F5CDAD /* AddingGroupTableViewControllerViewModelType.swift in Sources */ = {isa = PBXBuildFile; fileRef = 60E5E5E6250D62B300F5CDAD /* AddingGroupTableViewControllerViewModelType.swift */; };
		60E5E5EB250D6B8400F5CDAD /* AddingGroupTableViewControllerCell.swift in Sources */ = {isa = PBXBuildFile; fileRef = 60E5E5EA250D6B8400F5CDAD /* AddingGroupTableViewControllerCell.swift */; };
		60E5E5ED250D6B9900F5CDAD /* AddingGroupTableViewControllerCellViewModel.swift in Sources */ = {isa = PBXBuildFile; fileRef = 60E5E5EC250D6B9900F5CDAD /* AddingGroupTableViewControllerCellViewModel.swift */; };
		60E5E5EF250D6BA300F5CDAD /* AddingGroupTableViewControllerCellViewModelType.swift in Sources */ = {isa = PBXBuildFile; fileRef = 60E5E5EE250D6BA300F5CDAD /* AddingGroupTableViewControllerCellViewModelType.swift */; };
		60E5E5F1250E414800F5CDAD /* GroupsViewControllerCell.swift in Sources */ = {isa = PBXBuildFile; fileRef = 60E5E5F0250E414800F5CDAD /* GroupsViewControllerCell.swift */; };
		60E5E5F3250E415E00F5CDAD /* GroupsViewControllerCellViewModel.swift in Sources */ = {isa = PBXBuildFile; fileRef = 60E5E5F2250E415E00F5CDAD /* GroupsViewControllerCellViewModel.swift */; };
		60E5E5F5250E416C00F5CDAD /* GroupsViewControllerCellViewModelType.swift in Sources */ = {isa = PBXBuildFile; fileRef = 60E5E5F4250E416C00F5CDAD /* GroupsViewControllerCellViewModelType.swift */; };
		60E5E5F8250E460400F5CDAD /* Timetable.xcdatamodeld in Sources */ = {isa = PBXBuildFile; fileRef = 60E5E5F6250E460400F5CDAD /* Timetable.xcdatamodeld */; };
		60E5E5FF250E604200F5CDAD /* Groupa+CoreDataClass.swift in Sources */ = {isa = PBXBuildFile; fileRef = 60E5E5FD250E604200F5CDAD /* Groupa+CoreDataClass.swift */; };
		60E5E600250E604200F5CDAD /* Groupa+CoreDataProperties.swift in Sources */ = {isa = PBXBuildFile; fileRef = 60E5E5FE250E604200F5CDAD /* Groupa+CoreDataProperties.swift */; };
		60E5E603250EB23700F5CDAD /* TabBarController.swift in Sources */ = {isa = PBXBuildFile; fileRef = 60E5E602250EB23700F5CDAD /* TabBarController.swift */; };
		60E5E605250EB2A700F5CDAD /* TabBarControllerViewModel.swift in Sources */ = {isa = PBXBuildFile; fileRef = 60E5E604250EB2A700F5CDAD /* TabBarControllerViewModel.swift */; };
		60E5E607250EB2B000F5CDAD /* TabBarControllerViewModelType.swift in Sources */ = {isa = PBXBuildFile; fileRef = 60E5E606250EB2B000F5CDAD /* TabBarControllerViewModelType.swift */; };
		60F7FB12250BCB470076D997 /* HeaderView.swift in Sources */ = {isa = PBXBuildFile; fileRef = 60F7FB11250BCB470076D997 /* HeaderView.swift */; };
		60F7FB14250BCE600076D997 /* HeaderVIewViewModelType.swift in Sources */ = {isa = PBXBuildFile; fileRef = 60F7FB13250BCE600076D997 /* HeaderVIewViewModelType.swift */; };
		60F7FB16250BCE7E0076D997 /* HeaderViewViewModel.swift in Sources */ = {isa = PBXBuildFile; fileRef = 60F7FB15250BCE7E0076D997 /* HeaderViewViewModel.swift */; };
/* End PBXBuildFile section */

/* Begin PBXFileReference section */
		60001BFB251534600052AC45 /* HeaderViewWrapper.swift */ = {isa = PBXFileReference; lastKnownFileType = sourcecode.swift; path = HeaderViewWrapper.swift; sourceTree = "<group>"; };
		60001BFD2515354F0052AC45 /* HeaderViewWrapperViewModel.swift */ = {isa = PBXFileReference; lastKnownFileType = sourcecode.swift; path = HeaderViewWrapperViewModel.swift; sourceTree = "<group>"; };
		60001BFF2515356C0052AC45 /* HeaderViewWrapperViewModelType.swift */ = {isa = PBXFileReference; lastKnownFileType = sourcecode.swift; path = HeaderViewWrapperViewModelType.swift; sourceTree = "<group>"; };
		6011E78E25166D6700168C7A /* ShadowView.swift */ = {isa = PBXFileReference; lastKnownFileType = sourcecode.swift; path = ShadowView.swift; sourceTree = "<group>"; };
		601DD1F92502CC8400FDF5B9 /* MyDate.swift */ = {isa = PBXFileReference; lastKnownFileType = sourcecode.swift; path = MyDate.swift; sourceTree = "<group>"; };
		6022D47925163B86008765C1 /* niceCell.swift */ = {isa = PBXFileReference; lastKnownFileType = sourcecode.swift; path = niceCell.swift; sourceTree = "<group>"; };
		60ADF68624FA838800667B74 /* timetable.app */ = {isa = PBXFileReference; explicitFileType = wrapper.application; includeInIndex = 0; path = timetable.app; sourceTree = BUILT_PRODUCTS_DIR; };
		60ADF68924FA838800667B74 /* AppDelegate.swift */ = {isa = PBXFileReference; lastKnownFileType = sourcecode.swift; path = AppDelegate.swift; sourceTree = "<group>"; };
		60ADF68D24FA838800667B74 /* ViewController.swift */ = {isa = PBXFileReference; lastKnownFileType = sourcecode.swift; path = ViewController.swift; sourceTree = "<group>"; };
		60ADF69024FA838800667B74 /* Base */ = {isa = PBXFileReference; lastKnownFileType = file.storyboard; name = Base; path = Base.lproj/Main.storyboard; sourceTree = "<group>"; };
		60ADF69224FA838C00667B74 /* Assets.xcassets */ = {isa = PBXFileReference; lastKnownFileType = folder.assetcatalog; path = Assets.xcassets; sourceTree = "<group>"; };
		60ADF69524FA838C00667B74 /* Base */ = {isa = PBXFileReference; lastKnownFileType = file.storyboard; name = Base; path = Base.lproj/LaunchScreen.storyboard; sourceTree = "<group>"; };
		60ADF69724FA838C00667B74 /* Info.plist */ = {isa = PBXFileReference; lastKnownFileType = text.plist.xml; path = Info.plist; sourceTree = "<group>"; };
		60BD452324FAAD7700A432E8 /* NetwrokDataFetcher.swift */ = {isa = PBXFileReference; lastKnownFileType = sourcecode.swift; path = NetwrokDataFetcher.swift; sourceTree = "<group>"; };
		60CEFB8124FAC617006A66F4 /* Models.swift */ = {isa = PBXFileReference; lastKnownFileType = sourcecode.swift; path = Models.swift; sourceTree = "<group>"; };
		60CEFB8E24FAFD57006A66F4 /* NetworkService.swift */ = {isa = PBXFileReference; lastKnownFileType = sourcecode.swift; path = NetworkService.swift; sourceTree = "<group>"; };
		60CEFB9024FBE529006A66F4 /* ViewControllerViewModel.swift */ = {isa = PBXFileReference; lastKnownFileType = sourcecode.swift; path = ViewControllerViewModel.swift; sourceTree = "<group>"; };
		60CEFB9224FBE53B006A66F4 /* ViewControllerViewModelType.swift */ = {isa = PBXFileReference; lastKnownFileType = sourcecode.swift; path = ViewControllerViewModelType.swift; sourceTree = "<group>"; };
		60CEFB9424FC10CD006A66F4 /* TableViewCellViewModelType.swift */ = {isa = PBXFileReference; lastKnownFileType = sourcecode.swift; path = TableViewCellViewModelType.swift; sourceTree = "<group>"; };
		60CEFB9624FC10FB006A66F4 /* DateViewModelType.swift */ = {isa = PBXFileReference; lastKnownFileType = sourcecode.swift; path = DateViewModelType.swift; sourceTree = "<group>"; };
		60CEFB9824FC4F85006A66F4 /* TableViewCell.swift */ = {isa = PBXFileReference; lastKnownFileType = sourcecode.swift; path = TableViewCell.swift; sourceTree = "<group>"; };
		60CEFB9A24FC4FFC006A66F4 /* DateCell.swift */ = {isa = PBXFileReference; lastKnownFileType = sourcecode.swift; path = DateCell.swift; sourceTree = "<group>"; };
		60CEFB9C24FD71B1006A66F4 /* TableViewCellViewModel.swift */ = {isa = PBXFileReference; lastKnownFileType = sourcecode.swift; path = TableViewCellViewModel.swift; sourceTree = "<group>"; };
		60CEFB9E2501552F006A66F4 /* CollectionViewCellViewModel.swift */ = {isa = PBXFileReference; lastKnownFileType = sourcecode.swift; path = CollectionViewCellViewModel.swift; sourceTree = "<group>"; };
		60E5E5DA250D5B1700F5CDAD /* CoreDataStack.swift */ = {isa = PBXFileReference; lastKnownFileType = sourcecode.swift; path = CoreDataStack.swift; sourceTree = "<group>"; };
		60E5E5DC250D5EB700F5CDAD /* GroupsViewController.swift */ = {isa = PBXFileReference; lastKnownFileType = sourcecode.swift; path = GroupsViewController.swift; sourceTree = "<group>"; };
		60E5E5DE250D615600F5CDAD /* GroupsViewControllerViewModelType.swift */ = {isa = PBXFileReference; lastKnownFileType = sourcecode.swift; path = GroupsViewControllerViewModelType.swift; sourceTree = "<group>"; };
		60E5E5E0250D61A900F5CDAD /* GroupsViewControllerViewModel.swift */ = {isa = PBXFileReference; lastKnownFileType = sourcecode.swift; path = GroupsViewControllerViewModel.swift; sourceTree = "<group>"; };
		60E5E5E2250D626C00F5CDAD /* AddingGroupTableViewController.swift */ = {isa = PBXFileReference; lastKnownFileType = sourcecode.swift; path = AddingGroupTableViewController.swift; sourceTree = "<group>"; };
		60E5E5E4250D629F00F5CDAD /* AddingGroupTableViewControllerViewModel.swift */ = {isa = PBXFileReference; lastKnownFileType = sourcecode.swift; path = AddingGroupTableViewControllerViewModel.swift; sourceTree = "<group>"; };
		60E5E5E6250D62B300F5CDAD /* AddingGroupTableViewControllerViewModelType.swift */ = {isa = PBXFileReference; lastKnownFileType = sourcecode.swift; path = AddingGroupTableViewControllerViewModelType.swift; sourceTree = "<group>"; };
		60E5E5EA250D6B8400F5CDAD /* AddingGroupTableViewControllerCell.swift */ = {isa = PBXFileReference; lastKnownFileType = sourcecode.swift; path = AddingGroupTableViewControllerCell.swift; sourceTree = "<group>"; };
		60E5E5EC250D6B9900F5CDAD /* AddingGroupTableViewControllerCellViewModel.swift */ = {isa = PBXFileReference; lastKnownFileType = sourcecode.swift; path = AddingGroupTableViewControllerCellViewModel.swift; sourceTree = "<group>"; };
		60E5E5EE250D6BA300F5CDAD /* AddingGroupTableViewControllerCellViewModelType.swift */ = {isa = PBXFileReference; lastKnownFileType = sourcecode.swift; path = AddingGroupTableViewControllerCellViewModelType.swift; sourceTree = "<group>"; };
		60E5E5F0250E414800F5CDAD /* GroupsViewControllerCell.swift */ = {isa = PBXFileReference; lastKnownFileType = sourcecode.swift; path = GroupsViewControllerCell.swift; sourceTree = "<group>"; };
		60E5E5F2250E415E00F5CDAD /* GroupsViewControllerCellViewModel.swift */ = {isa = PBXFileReference; lastKnownFileType = sourcecode.swift; path = GroupsViewControllerCellViewModel.swift; sourceTree = "<group>"; };
		60E5E5F4250E416C00F5CDAD /* GroupsViewControllerCellViewModelType.swift */ = {isa = PBXFileReference; lastKnownFileType = sourcecode.swift; path = GroupsViewControllerCellViewModelType.swift; sourceTree = "<group>"; };
		60E5E5F7250E460400F5CDAD /* Timetable.xcdatamodel */ = {isa = PBXFileReference; lastKnownFileType = wrapper.xcdatamodel; path = Timetable.xcdatamodel; sourceTree = "<group>"; };
		60E5E5FD250E604200F5CDAD /* Groupa+CoreDataClass.swift */ = {isa = PBXFileReference; lastKnownFileType = sourcecode.swift; path = "Groupa+CoreDataClass.swift"; sourceTree = "<group>"; };
		60E5E5FE250E604200F5CDAD /* Groupa+CoreDataProperties.swift */ = {isa = PBXFileReference; lastKnownFileType = sourcecode.swift; path = "Groupa+CoreDataProperties.swift"; sourceTree = "<group>"; };
		60E5E601250E812C00F5CDAD /* Timetable v2.xcdatamodel */ = {isa = PBXFileReference; lastKnownFileType = wrapper.xcdatamodel; path = "Timetable v2.xcdatamodel"; sourceTree = "<group>"; };
		60E5E602250EB23700F5CDAD /* TabBarController.swift */ = {isa = PBXFileReference; lastKnownFileType = sourcecode.swift; path = TabBarController.swift; sourceTree = "<group>"; };
		60E5E604250EB2A700F5CDAD /* TabBarControllerViewModel.swift */ = {isa = PBXFileReference; lastKnownFileType = sourcecode.swift; path = TabBarControllerViewModel.swift; sourceTree = "<group>"; };
		60E5E606250EB2B000F5CDAD /* TabBarControllerViewModelType.swift */ = {isa = PBXFileReference; lastKnownFileType = sourcecode.swift; path = TabBarControllerViewModelType.swift; sourceTree = "<group>"; };
		60F7FB11250BCB470076D997 /* HeaderView.swift */ = {isa = PBXFileReference; lastKnownFileType = sourcecode.swift; path = HeaderView.swift; sourceTree = "<group>"; };
		60F7FB13250BCE600076D997 /* HeaderVIewViewModelType.swift */ = {isa = PBXFileReference; lastKnownFileType = sourcecode.swift; path = HeaderVIewViewModelType.swift; sourceTree = "<group>"; };
		60F7FB15250BCE7E0076D997 /* HeaderViewViewModel.swift */ = {isa = PBXFileReference; lastKnownFileType = sourcecode.swift; path = HeaderViewViewModel.swift; sourceTree = "<group>"; };
/* End PBXFileReference section */

/* Begin PBXFrameworksBuildPhase section */
		60ADF68324FA838800667B74 /* Frameworks */ = {
			isa = PBXFrameworksBuildPhase;
			buildActionMask = 2147483647;
			files = (
			);
			runOnlyForDeploymentPostprocessing = 0;
		};
/* End PBXFrameworksBuildPhase section */

/* Begin PBXGroup section */
		60ADF67D24FA838800667B74 = {
			isa = PBXGroup;
			children = (
				60ADF68824FA838800667B74 /* timetable */,
				60ADF68724FA838800667B74 /* Products */,
			);
			sourceTree = "<group>";
		};
		60ADF68724FA838800667B74 /* Products */ = {
			isa = PBXGroup;
			children = (
				60ADF68624FA838800667B74 /* timetable.app */,
			);
			name = Products;
			sourceTree = "<group>";
		};
		60ADF68824FA838800667B74 /* timetable */ = {
			isa = PBXGroup;
			children = (
				60ADF68924FA838800667B74 /* AppDelegate.swift */,
				60CEFB8924FAF68F006A66F4 /* View */,
				60CEFB8724FAF666006A66F4 /* ViewModel */,
				60CEFB8824FAF685006A66F4 /* Model */,
				60CEFB8D24FAFD3F006A66F4 /* Services */,
				60F7FB10250BCB390076D997 /* Utils */,
				60ADF69224FA838C00667B74 /* Assets.xcassets */,
				60E5E5F6250E460400F5CDAD /* Timetable.xcdatamodeld */,
				60E5E5FD250E604200F5CDAD /* Groupa+CoreDataClass.swift */,
				60E5E5FE250E604200F5CDAD /* Groupa+CoreDataProperties.swift */,
				60ADF68F24FA838800667B74 /* Main.storyboard */,
				60ADF69424FA838C00667B74 /* LaunchScreen.storyboard */,
				60ADF69724FA838C00667B74 /* Info.plist */,
			);
			path = timetable;
			sourceTree = "<group>";
		};
		60CEFB8724FAF666006A66F4 /* ViewModel */ = {
			isa = PBXGroup;
			children = (
				60E5E604250EB2A700F5CDAD /* TabBarControllerViewModel.swift */,
				60CEFB9024FBE529006A66F4 /* ViewControllerViewModel.swift */,
				60CEFB9C24FD71B1006A66F4 /* TableViewCellViewModel.swift */,
				60001BFD2515354F0052AC45 /* HeaderViewWrapperViewModel.swift */,
				60CEFB9E2501552F006A66F4 /* CollectionViewCellViewModel.swift */,
				60F7FB15250BCE7E0076D997 /* HeaderViewViewModel.swift */,
				60E5E5E0250D61A900F5CDAD /* GroupsViewControllerViewModel.swift */,
				60E5E5F2250E415E00F5CDAD /* GroupsViewControllerCellViewModel.swift */,
				60E5E5E4250D629F00F5CDAD /* AddingGroupTableViewControllerViewModel.swift */,
				60E5E5EC250D6B9900F5CDAD /* AddingGroupTableViewControllerCellViewModel.swift */,
				60CEFB8C24FAFD23006A66F4 /* Protocols */,
			);
			path = ViewModel;
			sourceTree = "<group>";
		};
		60CEFB8824FAF685006A66F4 /* Model */ = {
			isa = PBXGroup;
			children = (
				60CEFB8124FAC617006A66F4 /* Models.swift */,
				601DD1F92502CC8400FDF5B9 /* MyDate.swift */,
			);
			path = Model;
			sourceTree = "<group>";
		};
		60CEFB8924FAF68F006A66F4 /* View */ = {
			isa = PBXGroup;
			children = (
				60E5E602250EB23700F5CDAD /* TabBarController.swift */,
				60ADF68D24FA838800667B74 /* ViewController.swift */,
				60001BFB251534600052AC45 /* HeaderViewWrapper.swift */,
				60CEFB9824FC4F85006A66F4 /* TableViewCell.swift */,
				60CEFB9A24FC4FFC006A66F4 /* DateCell.swift */,
				60E5E5DC250D5EB700F5CDAD /* GroupsViewController.swift */,
				60E5E5F0250E414800F5CDAD /* GroupsViewControllerCell.swift */,
				60E5E5E2250D626C00F5CDAD /* AddingGroupTableViewController.swift */,
				60E5E5EA250D6B8400F5CDAD /* AddingGroupTableViewControllerCell.swift */,
				6022D47925163B86008765C1 /* niceCell.swift */,
			);
			path = View;
			sourceTree = "<group>";
		};
		60CEFB8C24FAFD23006A66F4 /* Protocols */ = {
			isa = PBXGroup;
			children = (
				60E5E606250EB2B000F5CDAD /* TabBarControllerViewModelType.swift */,
				60CEFB9224FBE53B006A66F4 /* ViewControllerViewModelType.swift */,
				60CEFB9424FC10CD006A66F4 /* TableViewCellViewModelType.swift */,
				60001BFF2515356C0052AC45 /* HeaderViewWrapperViewModelType.swift */,
				60CEFB9624FC10FB006A66F4 /* DateViewModelType.swift */,
				60F7FB13250BCE600076D997 /* HeaderVIewViewModelType.swift */,
				60E5E5DE250D615600F5CDAD /* GroupsViewControllerViewModelType.swift */,
				60E5E5F4250E416C00F5CDAD /* GroupsViewControllerCellViewModelType.swift */,
				60E5E5E6250D62B300F5CDAD /* AddingGroupTableViewControllerViewModelType.swift */,
				60E5E5EE250D6BA300F5CDAD /* AddingGroupTableViewControllerCellViewModelType.swift */,
			);
			path = Protocols;
			sourceTree = "<group>";
		};
		60CEFB8D24FAFD3F006A66F4 /* Services */ = {
			isa = PBXGroup;
			children = (
				60BD452324FAAD7700A432E8 /* NetwrokDataFetcher.swift */,
				60CEFB8E24FAFD57006A66F4 /* NetworkService.swift */,
				60E5E5DA250D5B1700F5CDAD /* CoreDataStack.swift */,
			);
			path = Services;
			sourceTree = "<group>";
		};
		60F7FB10250BCB390076D997 /* Utils */ = {
			isa = PBXGroup;
			children = (
				60F7FB11250BCB470076D997 /* HeaderView.swift */,
				6011E78E25166D6700168C7A /* ShadowView.swift */,
			);
			path = Utils;
			sourceTree = "<group>";
		};
/* End PBXGroup section */

/* Begin PBXNativeTarget section */
		60ADF68524FA838800667B74 /* timetable */ = {
			isa = PBXNativeTarget;
			buildConfigurationList = 60ADF69A24FA838C00667B74 /* Build configuration list for PBXNativeTarget "timetable" */;
			buildPhases = (
				60ADF68224FA838800667B74 /* Sources */,
				60ADF68324FA838800667B74 /* Frameworks */,
				60ADF68424FA838800667B74 /* Resources */,
			);
			buildRules = (
			);
			dependencies = (
			);
			name = timetable;
			productName = timetable;
			productReference = 60ADF68624FA838800667B74 /* timetable.app */;
			productType = "com.apple.product-type.application";
		};
/* End PBXNativeTarget section */

/* Begin PBXProject section */
		60ADF67E24FA838800667B74 /* Project object */ = {
			isa = PBXProject;
			attributes = {
				LastSwiftUpdateCheck = 1150;
				LastUpgradeCheck = 1150;
				ORGANIZATIONNAME = "Roman Bukharin";
				TargetAttributes = {
					60ADF68524FA838800667B74 = {
						CreatedOnToolsVersion = 11.5;
					};
				};
			};
			buildConfigurationList = 60ADF68124FA838800667B74 /* Build configuration list for PBXProject "timetable" */;
			compatibilityVersion = "Xcode 9.3";
			developmentRegion = en;
			hasScannedForEncodings = 0;
			knownRegions = (
				en,
				Base,
			);
			mainGroup = 60ADF67D24FA838800667B74;
			productRefGroup = 60ADF68724FA838800667B74 /* Products */;
			projectDirPath = "";
			projectRoot = "";
			targets = (
				60ADF68524FA838800667B74 /* timetable */,
			);
		};
/* End PBXProject section */

/* Begin PBXResourcesBuildPhase section */
		60ADF68424FA838800667B74 /* Resources */ = {
			isa = PBXResourcesBuildPhase;
			buildActionMask = 2147483647;
			files = (
				60ADF69624FA838C00667B74 /* LaunchScreen.storyboard in Resources */,
				60ADF69324FA838C00667B74 /* Assets.xcassets in Resources */,
				60ADF69124FA838800667B74 /* Main.storyboard in Resources */,
			);
			runOnlyForDeploymentPostprocessing = 0;
		};
/* End PBXResourcesBuildPhase section */

/* Begin PBXSourcesBuildPhase section */
		60ADF68224FA838800667B74 /* Sources */ = {
			isa = PBXSourcesBuildPhase;
			buildActionMask = 2147483647;
			files = (
				60001BFE2515354F0052AC45 /* HeaderViewWrapperViewModel.swift in Sources */,
				60E5E607250EB2B000F5CDAD /* TabBarControllerViewModelType.swift in Sources */,
				60CEFB9724FC10FB006A66F4 /* DateViewModelType.swift in Sources */,
				60BD452424FAAD7700A432E8 /* NetwrokDataFetcher.swift in Sources */,
				60CEFB9524FC10CD006A66F4 /* TableViewCellViewModelType.swift in Sources */,
				60E5E5F5250E416C00F5CDAD /* GroupsViewControllerCellViewModelType.swift in Sources */,
				6011E78F25166D6700168C7A /* ShadowView.swift in Sources */,
				60E5E5DB250D5B1700F5CDAD /* CoreDataStack.swift in Sources */,
				60E5E5EF250D6BA300F5CDAD /* AddingGroupTableViewControllerCellViewModelType.swift in Sources */,
				60001C002515356C0052AC45 /* HeaderViewWrapperViewModelType.swift in Sources */,
				60CEFB8F24FAFD57006A66F4 /* NetworkService.swift in Sources */,
				60E5E5FF250E604200F5CDAD /* Groupa+CoreDataClass.swift in Sources */,
				60E5E605250EB2A700F5CDAD /* TabBarControllerViewModel.swift in Sources */,
				60E5E5E1250D61A900F5CDAD /* GroupsViewControllerViewModel.swift in Sources */,
				60ADF68E24FA838800667B74 /* ViewController.swift in Sources */,
				60E5E5F1250E414800F5CDAD /* GroupsViewControllerCell.swift in Sources */,
				60CEFB9924FC4F85006A66F4 /* TableViewCell.swift in Sources */,
				60E5E5E3250D626C00F5CDAD /* AddingGroupTableViewController.swift in Sources */,
				60E5E5E5250D629F00F5CDAD /* AddingGroupTableViewControllerViewModel.swift in Sources */,
				60ADF68A24FA838800667B74 /* AppDelegate.swift in Sources */,
				60E5E5ED250D6B9900F5CDAD /* AddingGroupTableViewControllerCellViewModel.swift in Sources */,
				60E5E5F3250E415E00F5CDAD /* GroupsViewControllerCellViewModel.swift in Sources */,
				60001BFC251534600052AC45 /* HeaderViewWrapper.swift in Sources */,
				60CEFB9F2501552F006A66F4 /* CollectionViewCellViewModel.swift in Sources */,
				60E5E5DF250D615600F5CDAD /* GroupsViewControllerViewModelType.swift in Sources */,
				6022D47A25163B86008765C1 /* niceCell.swift in Sources */,
				60E5E5E7250D62B300F5CDAD /* AddingGroupTableViewControllerViewModelType.swift in Sources */,
				60CEFB9B24FC4FFC006A66F4 /* DateCell.swift in Sources */,
				60CEFB9D24FD71B1006A66F4 /* TableViewCellViewModel.swift in Sources */,
				60E5E600250E604200F5CDAD /* Groupa+CoreDataProperties.swift in Sources */,
				60E5E603250EB23700F5CDAD /* TabBarController.swift in Sources */,
				60F7FB14250BCE600076D997 /* HeaderVIewViewModelType.swift in Sources */,
				60F7FB12250BCB470076D997 /* HeaderView.swift in Sources */,
				60F7FB16250BCE7E0076D997 /* HeaderViewViewModel.swift in Sources */,
				601DD1FA2502CC8400FDF5B9 /* MyDate.swift in Sources */,
				60E5E5DD250D5EB700F5CDAD /* GroupsViewController.swift in Sources */,
				60E5E5F8250E460400F5CDAD /* Timetable.xcdatamodeld in Sources */,
				60CEFB9124FBE529006A66F4 /* ViewControllerViewModel.swift in Sources */,
				60CEFB8224FAC617006A66F4 /* Models.swift in Sources */,
				60E5E5EB250D6B8400F5CDAD /* AddingGroupTableViewControllerCell.swift in Sources */,
				60CEFB9324FBE53B006A66F4 /* ViewControllerViewModelType.swift in Sources */,
			);
			runOnlyForDeploymentPostprocessing = 0;
		};
/* End PBXSourcesBuildPhase section */

/* Begin PBXVariantGroup section */
		60ADF68F24FA838800667B74 /* Main.storyboard */ = {
			isa = PBXVariantGroup;
			children = (
				60ADF69024FA838800667B74 /* Base */,
			);
			name = Main.storyboard;
			sourceTree = "<group>";
		};
		60ADF69424FA838C00667B74 /* LaunchScreen.storyboard */ = {
			isa = PBXVariantGroup;
			children = (
				60ADF69524FA838C00667B74 /* Base */,
			);
			name = LaunchScreen.storyboard;
			sourceTree = "<group>";
		};
/* End PBXVariantGroup section */

/* Begin XCBuildConfiguration section */
		60ADF69824FA838C00667B74 /* Debug */ = {
			isa = XCBuildConfiguration;
			buildSettings = {
				ALWAYS_SEARCH_USER_PATHS = NO;
				CLANG_ANALYZER_NONNULL = YES;
				CLANG_ANALYZER_NUMBER_OBJECT_CONVERSION = YES_AGGRESSIVE;
				CLANG_CXX_LANGUAGE_STANDARD = "gnu++14";
				CLANG_CXX_LIBRARY = "libc++";
				CLANG_ENABLE_MODULES = YES;
				CLANG_ENABLE_OBJC_ARC = YES;
				CLANG_ENABLE_OBJC_WEAK = YES;
				CLANG_WARN_BLOCK_CAPTURE_AUTORELEASING = YES;
				CLANG_WARN_BOOL_CONVERSION = YES;
				CLANG_WARN_COMMA = YES;
				CLANG_WARN_CONSTANT_CONVERSION = YES;
				CLANG_WARN_DEPRECATED_OBJC_IMPLEMENTATIONS = YES;
				CLANG_WARN_DIRECT_OBJC_ISA_USAGE = YES_ERROR;
				CLANG_WARN_DOCUMENTATION_COMMENTS = YES;
				CLANG_WARN_EMPTY_BODY = YES;
				CLANG_WARN_ENUM_CONVERSION = YES;
				CLANG_WARN_INFINITE_RECURSION = YES;
				CLANG_WARN_INT_CONVERSION = YES;
				CLANG_WARN_NON_LITERAL_NULL_CONVERSION = YES;
				CLANG_WARN_OBJC_IMPLICIT_RETAIN_SELF = YES;
				CLANG_WARN_OBJC_LITERAL_CONVERSION = YES;
				CLANG_WARN_OBJC_ROOT_CLASS = YES_ERROR;
				CLANG_WARN_RANGE_LOOP_ANALYSIS = YES;
				CLANG_WARN_STRICT_PROTOTYPES = YES;
				CLANG_WARN_SUSPICIOUS_MOVE = YES;
				CLANG_WARN_UNGUARDED_AVAILABILITY = YES_AGGRESSIVE;
				CLANG_WARN_UNREACHABLE_CODE = YES;
				CLANG_WARN__DUPLICATE_METHOD_MATCH = YES;
				COPY_PHASE_STRIP = NO;
				DEBUG_INFORMATION_FORMAT = dwarf;
				ENABLE_STRICT_OBJC_MSGSEND = YES;
				ENABLE_TESTABILITY = YES;
				GCC_C_LANGUAGE_STANDARD = gnu11;
				GCC_DYNAMIC_NO_PIC = NO;
				GCC_NO_COMMON_BLOCKS = YES;
				GCC_OPTIMIZATION_LEVEL = 0;
				GCC_PREPROCESSOR_DEFINITIONS = (
					"DEBUG=1",
					"$(inherited)",
				);
				GCC_WARN_64_TO_32_BIT_CONVERSION = YES;
				GCC_WARN_ABOUT_RETURN_TYPE = YES_ERROR;
				GCC_WARN_UNDECLARED_SELECTOR = YES;
				GCC_WARN_UNINITIALIZED_AUTOS = YES_AGGRESSIVE;
				GCC_WARN_UNUSED_FUNCTION = YES;
				GCC_WARN_UNUSED_VARIABLE = YES;
				IPHONEOS_DEPLOYMENT_TARGET = 13.5;
				MTL_ENABLE_DEBUG_INFO = INCLUDE_SOURCE;
				MTL_FAST_MATH = YES;
				ONLY_ACTIVE_ARCH = YES;
				SDKROOT = iphoneos;
				SWIFT_ACTIVE_COMPILATION_CONDITIONS = DEBUG;
				SWIFT_OPTIMIZATION_LEVEL = "-Onone";
			};
			name = Debug;
		};
		60ADF69924FA838C00667B74 /* Release */ = {
			isa = XCBuildConfiguration;
			buildSettings = {
				ALWAYS_SEARCH_USER_PATHS = NO;
				CLANG_ANALYZER_NONNULL = YES;
				CLANG_ANALYZER_NUMBER_OBJECT_CONVERSION = YES_AGGRESSIVE;
				CLANG_CXX_LANGUAGE_STANDARD = "gnu++14";
				CLANG_CXX_LIBRARY = "libc++";
				CLANG_ENABLE_MODULES = YES;
				CLANG_ENABLE_OBJC_ARC = YES;
				CLANG_ENABLE_OBJC_WEAK = YES;
				CLANG_WARN_BLOCK_CAPTURE_AUTORELEASING = YES;
				CLANG_WARN_BOOL_CONVERSION = YES;
				CLANG_WARN_COMMA = YES;
				CLANG_WARN_CONSTANT_CONVERSION = YES;
				CLANG_WARN_DEPRECATED_OBJC_IMPLEMENTATIONS = YES;
				CLANG_WARN_DIRECT_OBJC_ISA_USAGE = YES_ERROR;
				CLANG_WARN_DOCUMENTATION_COMMENTS = YES;
				CLANG_WARN_EMPTY_BODY = YES;
				CLANG_WARN_ENUM_CONVERSION = YES;
				CLANG_WARN_INFINITE_RECURSION = YES;
				CLANG_WARN_INT_CONVERSION = YES;
				CLANG_WARN_NON_LITERAL_NULL_CONVERSION = YES;
				CLANG_WARN_OBJC_IMPLICIT_RETAIN_SELF = YES;
				CLANG_WARN_OBJC_LITERAL_CONVERSION = YES;
				CLANG_WARN_OBJC_ROOT_CLASS = YES_ERROR;
				CLANG_WARN_RANGE_LOOP_ANALYSIS = YES;
				CLANG_WARN_STRICT_PROTOTYPES = YES;
				CLANG_WARN_SUSPICIOUS_MOVE = YES;
				CLANG_WARN_UNGUARDED_AVAILABILITY = YES_AGGRESSIVE;
				CLANG_WARN_UNREACHABLE_CODE = YES;
				CLANG_WARN__DUPLICATE_METHOD_MATCH = YES;
				COPY_PHASE_STRIP = NO;
				DEBUG_INFORMATION_FORMAT = "dwarf-with-dsym";
				ENABLE_NS_ASSERTIONS = NO;
				ENABLE_STRICT_OBJC_MSGSEND = YES;
				GCC_C_LANGUAGE_STANDARD = gnu11;
				GCC_NO_COMMON_BLOCKS = YES;
				GCC_WARN_64_TO_32_BIT_CONVERSION = YES;
				GCC_WARN_ABOUT_RETURN_TYPE = YES_ERROR;
				GCC_WARN_UNDECLARED_SELECTOR = YES;
				GCC_WARN_UNINITIALIZED_AUTOS = YES_AGGRESSIVE;
				GCC_WARN_UNUSED_FUNCTION = YES;
				GCC_WARN_UNUSED_VARIABLE = YES;
				IPHONEOS_DEPLOYMENT_TARGET = 13.5;
				MTL_ENABLE_DEBUG_INFO = NO;
				MTL_FAST_MATH = YES;
				SDKROOT = iphoneos;
				SWIFT_COMPILATION_MODE = wholemodule;
				SWIFT_OPTIMIZATION_LEVEL = "-O";
				VALIDATE_PRODUCT = YES;
			};
			name = Release;
		};
		60ADF69B24FA838C00667B74 /* Debug */ = {
			isa = XCBuildConfiguration;
			buildSettings = {
				ASSETCATALOG_COMPILER_APPICON_NAME = AppIcon;
				CODE_SIGN_STYLE = Automatic;
				DEVELOPMENT_TEAM = S5F23JMSTM;
				INFOPLIST_FILE = timetable/Info.plist;
				IPHONEOS_DEPLOYMENT_TARGET = 12.4;
				LD_RUNPATH_SEARCH_PATHS = (
					"$(inherited)",
					"@executable_path/Frameworks",
				);
				PRODUCT_BUNDLE_IDENTIFIER = zipzap.timetable;
				PRODUCT_NAME = "$(TARGET_NAME)";
				SWIFT_VERSION = 5.0;
				TARGETED_DEVICE_FAMILY = 1;
			};
			name = Debug;
		};
		60ADF69C24FA838C00667B74 /* Release */ = {
			isa = XCBuildConfiguration;
			buildSettings = {
				ASSETCATALOG_COMPILER_APPICON_NAME = AppIcon;
				CODE_SIGN_STYLE = Automatic;
				DEVELOPMENT_TEAM = S5F23JMSTM;
				INFOPLIST_FILE = timetable/Info.plist;
				IPHONEOS_DEPLOYMENT_TARGET = 12.4;
				LD_RUNPATH_SEARCH_PATHS = (
					"$(inherited)",
					"@executable_path/Frameworks",
				);
				PRODUCT_BUNDLE_IDENTIFIER = zipzap.timetable;
				PRODUCT_NAME = "$(TARGET_NAME)";
				SWIFT_VERSION = 5.0;
				TARGETED_DEVICE_FAMILY = 1;
			};
			name = Release;
		};
/* End XCBuildConfiguration section */

/* Begin XCConfigurationList section */
		60ADF68124FA838800667B74 /* Build configuration list for PBXProject "timetable" */ = {
			isa = XCConfigurationList;
			buildConfigurations = (
				60ADF69824FA838C00667B74 /* Debug */,
				60ADF69924FA838C00667B74 /* Release */,
			);
			defaultConfigurationIsVisible = 0;
			defaultConfigurationName = Release;
		};
		60ADF69A24FA838C00667B74 /* Build configuration list for PBXNativeTarget "timetable" */ = {
			isa = XCConfigurationList;
			buildConfigurations = (
				60ADF69B24FA838C00667B74 /* Debug */,
				60ADF69C24FA838C00667B74 /* Release */,
			);
			defaultConfigurationIsVisible = 0;
			defaultConfigurationName = Release;
		};
/* End XCConfigurationList section */

/* Begin XCVersionGroup section */
		60E5E5F6250E460400F5CDAD /* Timetable.xcdatamodeld */ = {
			isa = XCVersionGroup;
			children = (
				60E5E601250E812C00F5CDAD /* Timetable v2.xcdatamodel */,
				60E5E5F7250E460400F5CDAD /* Timetable.xcdatamodel */,
			);
			currentVersion = 60E5E601250E812C00F5CDAD /* Timetable v2.xcdatamodel */;
			path = Timetable.xcdatamodeld;
			sourceTree = "<group>";
			versionGroupType = wrapper.xcdatamodel;
		};
/* End XCVersionGroup section */
	};
	rootObject = 60ADF67E24FA838800667B74 /* Project object */;
}
